
Microsoft Visual Studio Solution File, Format Version 12.00
# Visual Studio Version 16
VisualStudioVersion = 16.0.28621.142
MinimumVisualStudioVersion = 10.0.40219.1
Project("{FAE04EC0-301F-11D3-BF4B-00C04F79EFBC}") = "CssCompositionTool", "CssCompositionTool\CssCompositionTool.csproj", "{CCD9B5C6-682A-4B34-BC19-78325C5095C2}"
EndProject
Global
	GlobalSection(SolutionConfigurationPlatforms) = preSolution
		Debug|Any CPU = Debug|Any CPU
		Release|Any CPU = Release|Any CPU
	EndGlobalSection
	GlobalSection(ProjectConfigurationPlatforms) = postSolution
		{CCD9B5C6-682A-4B34-BC19-78325C5095C2}.Debug|Any CPU.ActiveCfg = Debug|Any CPU
		{CCD9B5C6-682A-4B34-BC19-78325C5095C2}.Debug|Any CPU.Build.0 = Debug|Any CPU
		{CCD9B5C6-682A-4B34-BC19-78325C5095C2}.Release|Any CPU.ActiveCfg = Release|Any CPU
		{CCD9B5C6-682A-4B34-BC19-78325C5095C2}.Release|Any CPU.Build.0 = Release|Any CPU
	EndGlobalSection
	GlobalSection(SolutionProperties) = preSolution
		HideSolutionNode = FALSE
	EndGlobalSection
	GlobalSection(ExtensibilityGlobals) = postSolution
		SolutionGuid = {ADF103F7-7446-4E2B-B250-B70B6620DB52}
	EndGlobalSection
EndGlobal
